
Microsoft Visual Studio Solution File, Format Version 12.00
# Visual Studio 14
VisualStudioVersion = 14.0.25420.1
MinimumVisualStudioVersion = 10.0.40219.1
Project("{FAE04EC0-301F-11D3-BF4B-00C04F79EFBC}") = "ThreeAmigos", "ThreeAmigos\ThreeAmigos.csproj", "{7283A316-24D5-4509-A323-933929C972DF}"
EndProject
Project("{FAE04EC0-301F-11D3-BF4B-00C04F79EFBC}") = "ThreeAmigos.Tests", "ThreeAmigos.Tests\ThreeAmigos.Tests.csproj", "{35E3572B-36E2-41FC-8E64-BBF3ACF0CB0D}"
EndProject
Project("{FAE04EC0-301F-11D3-BF4B-00C04F79EFBC}") = "ThreeAmigos.Store", "ThreeAmigos.Store\ThreeAmigos.Store.csproj", "{F9618123-1DEC-43D0-95B0-EB7250596013}"
EndProject
Project("{FAE04EC0-301F-11D3-BF4B-00C04F79EFBC}") = "ThreeAmigos.Store.Tests", "ThreeAmigos.Store.Tests\ThreeAmigos.Store.Tests.csproj", "{C462DFE4-B6A7-4811-9374-B270BF709EE9}"
EndProject
Project("{FAE04EC0-301F-11D3-BF4B-00C04F79EFBC}") = "ThreeAmigos.Interfaces", "ThreeAmigos.Interfaces\ThreeAmigos.Interfaces.csproj", "{EAF57635-9828-4A54-8853-8404183A4AB0}"
EndProject
Project("{FAE04EC0-301F-11D3-BF4B-00C04F79EFBC}") = "ThreeAmigos.Data", "ThreeAmigos.Data\ThreeAmigos.Data.csproj", "{6AECF6D9-0DE8-4489-85E7-0EFC230BF704}"
EndProject
Project("{FAE04EC0-301F-11D3-BF4B-00C04F79EFBC}") = "ThreeAmigos.Data.Models", "ThreeAmigos.Data.Models\ThreeAmigos.Data.Models.csproj", "{EB31404D-8573-4DC3-A2EE-221416FB2A0B}"
EndProject
Project("{FAE04EC0-301F-11D3-BF4B-00C04F79EFBC}") = "ThreeAmigos.Data.Repository", "ThreeAmigos.Data.Repository\ThreeAmigos.Data.Repository.csproj", "{38979EDC-B8F6-4CEC-880B-0158089EFE1A}"
EndProject
Global
	GlobalSection(SolutionConfigurationPlatforms) = preSolution
		Debug|Any CPU = Debug|Any CPU
		Release|Any CPU = Release|Any CPU
	EndGlobalSection
	GlobalSection(ProjectConfigurationPlatforms) = postSolution
		{7283A316-24D5-4509-A323-933929C972DF}.Debug|Any CPU.ActiveCfg = Debug|Any CPU
		{7283A316-24D5-4509-A323-933929C972DF}.Debug|Any CPU.Build.0 = Debug|Any CPU
		{7283A316-24D5-4509-A323-933929C972DF}.Release|Any CPU.ActiveCfg = Release|Any CPU
		{7283A316-24D5-4509-A323-933929C972DF}.Release|Any CPU.Build.0 = Release|Any CPU
		{35E3572B-36E2-41FC-8E64-BBF3ACF0CB0D}.Debug|Any CPU.ActiveCfg = Debug|Any CPU
		{35E3572B-36E2-41FC-8E64-BBF3ACF0CB0D}.Debug|Any CPU.Build.0 = Debug|Any CPU
		{35E3572B-36E2-41FC-8E64-BBF3ACF0CB0D}.Release|Any CPU.ActiveCfg = Release|Any CPU
		{35E3572B-36E2-41FC-8E64-BBF3ACF0CB0D}.Release|Any CPU.Build.0 = Release|Any CPU
		{F9618123-1DEC-43D0-95B0-EB7250596013}.Debug|Any CPU.ActiveCfg = Debug|Any CPU
		{F9618123-1DEC-43D0-95B0-EB7250596013}.Debug|Any CPU.Build.0 = Debug|Any CPU
		{F9618123-1DEC-43D0-95B0-EB7250596013}.Release|Any CPU.ActiveCfg = Release|Any CPU
		{F9618123-1DEC-43D0-95B0-EB7250596013}.Release|Any CPU.Build.0 = Release|Any CPU
		{C462DFE4-B6A7-4811-9374-B270BF709EE9}.Debug|Any CPU.ActiveCfg = Debug|Any CPU
		{C462DFE4-B6A7-4811-9374-B270BF709EE9}.Debug|Any CPU.Build.0 = Debug|Any CPU
		{C462DFE4-B6A7-4811-9374-B270BF709EE9}.Release|Any CPU.ActiveCfg = Release|Any CPU
		{C462DFE4-B6A7-4811-9374-B270BF709EE9}.Release|Any CPU.Build.0 = Release|Any CPU
		{EAF57635-9828-4A54-8853-8404183A4AB0}.Debug|Any CPU.ActiveCfg = Debug|Any CPU
		{EAF57635-9828-4A54-8853-8404183A4AB0}.Debug|Any CPU.Build.0 = Debug|Any CPU
		{EAF57635-9828-4A54-8853-8404183A4AB0}.Release|Any CPU.ActiveCfg = Release|Any CPU
		{EAF57635-9828-4A54-8853-8404183A4AB0}.Release|Any CPU.Build.0 = Release|Any CPU
		{6AECF6D9-0DE8-4489-85E7-0EFC230BF704}.Debug|Any CPU.ActiveCfg = Debug|Any CPU
		{6AECF6D9-0DE8-4489-85E7-0EFC230BF704}.Debug|Any CPU.Build.0 = Debug|Any CPU
		{6AECF6D9-0DE8-4489-85E7-0EFC230BF704}.Release|Any CPU.ActiveCfg = Release|Any CPU
		{6AECF6D9-0DE8-4489-85E7-0EFC230BF704}.Release|Any CPU.Build.0 = Release|Any CPU
		{EB31404D-8573-4DC3-A2EE-221416FB2A0B}.Debug|Any CPU.ActiveCfg = Debug|Any CPU
		{EB31404D-8573-4DC3-A2EE-221416FB2A0B}.Debug|Any CPU.Build.0 = Debug|Any CPU
		{EB31404D-8573-4DC3-A2EE-221416FB2A0B}.Release|Any CPU.ActiveCfg = Release|Any CPU
		{EB31404D-8573-4DC3-A2EE-221416FB2A0B}.Release|Any CPU.Build.0 = Release|Any CPU
		{38979EDC-B8F6-4CEC-880B-0158089EFE1A}.Debug|Any CPU.ActiveCfg = Debug|Any CPU
		{38979EDC-B8F6-4CEC-880B-0158089EFE1A}.Debug|Any CPU.Build.0 = Debug|Any CPU
		{38979EDC-B8F6-4CEC-880B-0158089EFE1A}.Release|Any CPU.ActiveCfg = Release|Any CPU
		{38979EDC-B8F6-4CEC-880B-0158089EFE1A}.Release|Any CPU.Build.0 = Release|Any CPU
	EndGlobalSection
	GlobalSection(SolutionProperties) = preSolution
		HideSolutionNode = FALSE
	EndGlobalSection
EndGlobal
